
Microsoft Visual Studio Solution File, Format Version 12.00
# Visual Studio Version 16
VisualStudioVersion = 16.0.29609.76
MinimumVisualStudioVersion = 10.0.40219.1
Project("{FAE04EC0-301F-11D3-BF4B-00C04F79EFBC}") = "Ef_design_first", "..\ConsoleApp1\Ef_design_first\Ef_design_first.csproj", "{BFF91E32-105B-495F-A004-EB79CB044BEB}"
EndProject
Project("{FAE04EC0-301F-11D3-BF4B-00C04F79EFBC}") = "WinFormGUI", "WinFormGUI\WinFormGUI.csproj", "{2472AAD8-982E-48A5-B11A-EE41329076F8}"
EndProject
Project("{FAE04EC0-301F-11D3-BF4B-00C04F79EFBC}") = "ObjectWCF", "ObjectWCF\ObjectWCF.csproj", "{40B135D6-F2E5-474C-9F9D-CC923450F10F}"
EndProject
Project("{FAE04EC0-301F-11D3-BF4B-00C04F79EFBC}") = "HostWCF", "HostWCF\HostWCF.csproj", "{333C95E0-585A-4488-9B16-1EDD135625E5}"
EndProject
Global
	GlobalSection(SolutionConfigurationPlatforms) = preSolution
		Debug|Any CPU = Debug|Any CPU
		Release|Any CPU = Release|Any CPU
	EndGlobalSection
	GlobalSection(ProjectConfigurationPlatforms) = postSolution
		{BFF91E32-105B-495F-A004-EB79CB044BEB}.Debug|Any CPU.ActiveCfg = Debug|Any CPU
		{BFF91E32-105B-495F-A004-EB79CB044BEB}.Debug|Any CPU.Build.0 = Debug|Any CPU
		{BFF91E32-105B-495F-A004-EB79CB044BEB}.Release|Any CPU.ActiveCfg = Release|Any CPU
		{BFF91E32-105B-495F-A004-EB79CB044BEB}.Release|Any CPU.Build.0 = Release|Any CPU
		{2472AAD8-982E-48A5-B11A-EE41329076F8}.Debug|Any CPU.ActiveCfg = Debug|Any CPU
		{2472AAD8-982E-48A5-B11A-EE41329076F8}.Debug|Any CPU.Build.0 = Debug|Any CPU
		{2472AAD8-982E-48A5-B11A-EE41329076F8}.Release|Any CPU.ActiveCfg = Release|Any CPU
		{2472AAD8-982E-48A5-B11A-EE41329076F8}.Release|Any CPU.Build.0 = Release|Any CPU
		{40B135D6-F2E5-474C-9F9D-CC923450F10F}.Debug|Any CPU.ActiveCfg = Debug|Any CPU
		{40B135D6-F2E5-474C-9F9D-CC923450F10F}.Debug|Any CPU.Build.0 = Debug|Any CPU
		{40B135D6-F2E5-474C-9F9D-CC923450F10F}.Release|Any CPU.ActiveCfg = Release|Any CPU
		{40B135D6-F2E5-474C-9F9D-CC923450F10F}.Release|Any CPU.Build.0 = Release|Any CPU
		{333C95E0-585A-4488-9B16-1EDD135625E5}.Debug|Any CPU.ActiveCfg = Debug|Any CPU
		{333C95E0-585A-4488-9B16-1EDD135625E5}.Debug|Any CPU.Build.0 = Debug|Any CPU
		{333C95E0-585A-4488-9B16-1EDD135625E5}.Release|Any CPU.ActiveCfg = Release|Any CPU
		{333C95E0-585A-4488-9B16-1EDD135625E5}.Release|Any CPU.Build.0 = Release|Any CPU
	EndGlobalSection
	GlobalSection(SolutionProperties) = preSolution
		HideSolutionNode = FALSE
	EndGlobalSection
	GlobalSection(ExtensibilityGlobals) = postSolution
		SolutionGuid = {1E6010ED-287A-49B9-B515-067491F661CC}
	EndGlobalSection
EndGlobal
